PODS:
  - Reachability (3.2)
  - SuprSendSdk (1.0.1)

DEPENDENCIES:
  - Reachability
  - SuprSendSdk (= 1.0.1)

SPEC REPOS:
  trunk:
    - Reachability
    - SuprSendSdk

SPEC CHECKSUMS:
  Reachability: 33e18b67625424e47b6cde6d202dce689ad7af96
  SuprSendSdk: 8b92f8e6ad08238d00fbf27a8ccc1fa15abc0871

PODFILE CHECKSUM: b1a3ff1e38862715d2d31b8d88451a2834d58ea2

COCOAPODS: 1.11.3
