PODS:
  - Reachability (3.2)
  - SuprsendCore (1.0.2)
  - SuprSendSdk (1.0.2)

DEPENDENCIES:
  - Reachability
  - SuprsendCore (= 1.0.2)
  - SuprSendSdk (= 1.0.2)

SPEC REPOS:
  trunk:
    - Reachability
    - SuprsendCore
    - SuprSendSdk

SPEC CHECKSUMS:
  Reachability: 33e18b67625424e47b6cde6d202dce689ad7af96
  SuprsendCore: 5aa6f17e71d805c001fdbfd54c81fbc5220b4657
  SuprSendSdk: fc03ccf62df0902304f94444fe8a24e70a779de8

PODFILE CHECKSUM: 8509625b9783ec32a02912bce2021c8299b99ab6

COCOAPODS: 1.11.3
